schema: '2.0'
stages:
  preprocess:
    cmd: uv run python src/rice_cnn_classifier/data.py data/raw data/processed
    deps:
    - path: data/raw
      hash: md5
      md5: 36365151b2176744adbd0243deadd042.dir
      size: 534704852
      nfiles: 150002
    - path: src/rice_cnn_classifier/data.py
      hash: md5
      md5: d5cb6ac563ed55440e735eb913f4fdc5
      size: 5202
    outs:
    - path: data/processed
      hash: md5
      md5: f4925eee7bf81936962340f6959848e5.dir
      size: 392942567
      nfiles: 75000
