schema: '2.0'
stages:
  preprocess:
    cmd: uv run python src/rice_cnn_classifier/data.py data/raw data/processed
    deps:
    - path: data/raw
      hash: md5
      md5: 1071310886d0097d67cf8a5095c83c30.dir
      size: 267349373
      nfiles: 75000
    - path: src/rice_cnn_classifier/data.py
      hash: md5
      md5: dcf35646faa7fc8de1334deebab9b7ab
      size: 5187
    outs:
    - path: data/processed
      hash: md5
      md5: f4925eee7bf81936962340f6959848e5.dir
      size: 392942567
      nfiles: 75000
